{
  "nodes": {
    "nixpkgs": {
      "locked": {
        "lastModified": 1659305579,
        "narHash": "sha256-SFeQTmh7hc9Y2fSkooHaoS8mDfPa04sfmUCtQ8MA6Pg=",
        "owner": "NixOS",
        "repo": "nixpkgs",
        "rev": "5857574d45925585baffde730369414319228a84",
        "type": "github"
      },
      "original": {
        "id": "nixpkgs",
        "ref": "nixos-unstable",
        "type": "indirect"
      }
    },
    "root": {
      "inputs": {
        "nixpkgs": "nixpkgs"
      }
    }
  },
  "root": "root",
  "version": 7
}
